{
  "name": "jumpfm-fs",
  "version": "1.1.0",
  "lockfileVersion": 1,
  "requires": true,
  "dependencies": {
    "@types/fs-extra": {
      "version": "4.0.0",
      "resolved": "https://registry.npmjs.org/@types/fs-extra/-/fs-extra-4.0.0.tgz",
      "integrity": "sha512-PlKJw6ujJXLJjbvB3T0UCbY3jibKM6/Ya5cc9j1q+mYDeK3aR4Dp+20ZwxSuvJr9mIoPxp7+IL4aMOEvsscRTA==",
      "dev": true,
      "requires": {
        "@types/node": "8.0.24"
      }
    },
    "@types/node": {
      "version": "8.0.24",
      "resolved": "https://registry.npmjs.org/@types/node/-/node-8.0.24.tgz",
      "integrity": "sha512-c3Npme+2JGqxW8+B+aXdN5SPIlCf1C8WxQC6Ea39rO/ASPosnMkWVR16mDJtRE+2dr2xwOQ7DiLxb+wO/TWuPg==",
      "dev": true
    },
    "fs-extra": {
      "version": "4.0.1",
      "resolved": "https://registry.npmjs.org/fs-extra/-/fs-extra-4.0.1.tgz",
      "integrity": "sha1-f8DGyJV/mD9X8waiTlud3Y0N2IA=",
      "requires": {
        "graceful-fs": "4.1.11",
        "jsonfile": "3.0.1",
        "universalify": "0.1.1"
      }
    },
    "graceful-fs": {
      "version": "4.1.11",
      "resolved": "https://registry.npmjs.org/graceful-fs/-/graceful-fs-4.1.11.tgz",
      "integrity": "sha1-Dovf5NHduIVNZOBOp8AOKgJuVlg="
    },
    "inherits": {
      "version": "2.0.1",
      "resolved": "https://registry.npmjs.org/inherits/-/inherits-2.0.1.tgz",
      "integrity": "sha1-sX0I0ya0Qj5Wjv9xn5GwscvfafE="
    },
    "jsonfile": {
      "version": "3.0.1",
      "resolved": "https://registry.npmjs.org/jsonfile/-/jsonfile-3.0.1.tgz",
      "integrity": "sha1-pezG9l9T9mLEQVx2daAzHQmS7GY=",
      "requires": {
        "graceful-fs": "4.1.11"
      }
    },
    "jumpfm-api": {
      "version": "1.1.4",
      "resolved": "https://registry.npmjs.org/jumpfm-api/-/jumpfm-api-1.1.4.tgz",
      "integrity": "sha512-dzPCljQMnrYQnaAvB2gXpMbTEWEJOz6iwyESuJ9P4iRGvcx04pOh25wn/vUU2wrvSGFARu+WN2yYR28ojVyXiQ==",
      "dev": true
    },
    "node-watch": {
      "version": "0.5.5",
      "resolved": "https://registry.npmjs.org/node-watch/-/node-watch-0.5.5.tgz",
      "integrity": "sha512-z9xN2ibI6P0UylFadN7oMcIMsoTeCENC0rZyRM5MVK9AqzSPx+uGqKG6KMPeC/laOV4wOGZq/GH0PTstRNSqOA=="
    },
    "path": {
      "version": "0.12.7",
      "resolved": "https://registry.npmjs.org/path/-/path-0.12.7.tgz",
      "integrity": "sha1-1NwqUGxM4hl+tIHr/NWzbAFAsQ8=",
      "requires": {
        "process": "0.11.10",
        "util": "0.10.3"
      }
    },
    "process": {
      "version": "0.11.10",
      "resolved": "https://registry.npmjs.org/process/-/process-0.11.10.tgz",
      "integrity": "sha1-czIwDoQBYb2j5podHZGn1LwW8YI="
    },
    "universalify": {
      "version": "0.1.1",
      "resolved": "https://registry.npmjs.org/universalify/-/universalify-0.1.1.tgz",
      "integrity": "sha1-+nG63UQ3r0wUiEHjs7Fl+enlkLc="
    },
    "util": {
      "version": "0.10.3",
      "resolved": "https://registry.npmjs.org/util/-/util-0.10.3.tgz",
      "integrity": "sha1-evsa/lCAUkZInj23/g7TeTNqwPk=",
      "requires": {
        "inherits": "2.0.1"
      }
    }
  }
}
